
Microsoft Visual Studio Solution File, Format Version 12.00
# Visual Studio Version 17
VisualStudioVersion = 17.14.36301.6
MinimumVisualStudioVersion = 10.0.40219.1
Project("{FAE04EC0-301F-11D3-BF4B-00C04F79EFBC}") = "MainApi", "MainApi\MainApi.csproj", "{238ABA87-6BBA-49CC-AC63-800837B8F0B9}"
EndProject
Project("{FAE04EC0-301F-11D3-BF4B-00C04F79EFBC}") = "DataAccessLayer", "DataAccessLayer\DataAccessLayer.csproj", "{A9FCCEB3-DD88-F8C0-89A3-FD31A7C54F23}"
EndProject
Global
	GlobalSection(SolutionConfigurationPlatforms) = preSolution
		Debug|Any CPU = Debug|Any CPU
		Release|Any CPU = Release|Any CPU
	EndGlobalSection
	GlobalSection(ProjectConfigurationPlatforms) = postSolution
		{238ABA87-6BBA-49CC-AC63-800837B8F0B9}.Debug|Any CPU.ActiveCfg = Debug|Any CPU
		{238ABA87-6BBA-49CC-AC63-800837B8F0B9}.Debug|Any CPU.Build.0 = Debug|Any CPU
		{238ABA87-6BBA-49CC-AC63-800837B8F0B9}.Release|Any CPU.ActiveCfg = Release|Any CPU
		{238ABA87-6BBA-49CC-AC63-800837B8F0B9}.Release|Any CPU.Build.0 = Release|Any CPU
		{A9FCCEB3-DD88-F8C0-89A3-FD31A7C54F23}.Debug|Any CPU.ActiveCfg = Debug|Any CPU
		{A9FCCEB3-DD88-F8C0-89A3-FD31A7C54F23}.Debug|Any CPU.Build.0 = Debug|Any CPU
		{A9FCCEB3-DD88-F8C0-89A3-FD31A7C54F23}.Release|Any CPU.ActiveCfg = Release|Any CPU
		{A9FCCEB3-DD88-F8C0-89A3-FD31A7C54F23}.Release|Any CPU.Build.0 = Release|Any CPU
	EndGlobalSection
	GlobalSection(SolutionProperties) = preSolution
		HideSolutionNode = FALSE
	EndGlobalSection
	GlobalSection(ExtensibilityGlobals) = postSolution
		SolutionGuid = {D0A83E79-3980-4536-962D-88B0D6CF9EEF}
	EndGlobalSection
EndGlobal
